
Microsoft Visual Studio Solution File, Format Version 12.00
# Visual Studio Version 17
VisualStudioVersion = 17.10.34916.146
MinimumVisualStudioVersion = 10.0.40219.1
Project("{FAE04EC0-301F-11D3-BF4B-00C04F79EFBC}") = "TaskOrganizer", "TaskOrganizer.csproj", "{E7C44955-B78A-43BD-9892-B23F0F2BC52E}"
EndProject
Global
	GlobalSection(SolutionConfigurationPlatforms) = preSolution
		Debug|Any CPU = Debug|Any CPU
		Release|Any CPU = Release|Any CPU
	EndGlobalSection
	GlobalSection(ProjectConfigurationPlatforms) = postSolution
		{E7C44955-B78A-43BD-9892-B23F0F2BC52E}.Debug|Any CPU.ActiveCfg = Debug|Any CPU
		{E7C44955-B78A-43BD-9892-B23F0F2BC52E}.Debug|Any CPU.Build.0 = Debug|Any CPU
		{E7C44955-B78A-43BD-9892-B23F0F2BC52E}.Release|Any CPU.ActiveCfg = Release|Any CPU
		{E7C44955-B78A-43BD-9892-B23F0F2BC52E}.Release|Any CPU.Build.0 = Release|Any CPU
	EndGlobalSection
	GlobalSection(SolutionProperties) = preSolution
		HideSolutionNode = FALSE
	EndGlobalSection
	GlobalSection(ExtensibilityGlobals) = postSolution
		SolutionGuid = {950CBF02-2B5C-401B-9E47-0673B7BB57CA}
	EndGlobalSection
EndGlobal
